// !$*UTF8*$!
{
	archiveVersion = 1;
	classes = {
	};
	objectVersion = 46;
	objects = {

/* Begin PBXBuildFile section */
		54181F1E16B034CC0076ACA1 /* UIKit.framework in Frameworks */ = {isa = PBXBuildFile; fileRef = 54181F1D16B034CC0076ACA1 /* UIKit.framework */; };
		54181F2016B034CC0076ACA1 /* Foundation.framework in Frameworks */ = {isa = PBXBuildFile; fileRef = 54181F1F16B034CC0076ACA1 /* Foundation.framework */; };
		54181F2216B034CC0076ACA1 /* CoreGraphics.framework in Frameworks */ = {isa = PBXBuildFile; fileRef = 54181F2116B034CC0076ACA1 /* CoreGraphics.framework */; };
		54181F4716B03F2F0076ACA1 /* Podfile in Resources */ = {isa = PBXBuildFile; fileRef = 54181F4616B03F2F0076ACA1 /* Podfile */; };
		54181F4F16B03F660076ACA1 /* SenTestingKit.framework in Frameworks */ = {isa = PBXBuildFile; fileRef = 54181F4E16B03F660076ACA1 /* SenTestingKit.framework */; };
		54181F5016B03F660076ACA1 /* UIKit.framework in Frameworks */ = {isa = PBXBuildFile; fileRef = 54181F1D16B034CC0076ACA1 /* UIKit.framework */; };
		54181F5116B03F660076ACA1 /* Foundation.framework in Frameworks */ = {isa = PBXBuildFile; fileRef = 54181F1F16B034CC0076ACA1 /* Foundation.framework */; };
		54181F5716B03F660076ACA1 /* InfoPlist.strings in Resources */ = {isa = PBXBuildFile; fileRef = 54181F5516B03F660076ACA1 /* InfoPlist.strings */; };
		54181F6716B03FE00076ACA1 /* EvalJSSpec.m in Sources */ = {isa = PBXBuildFile; fileRef = 54181F6616B03FE00076ACA1 /* EvalJSSpec.m */; };
		54181F8F16B0462C0076ACA1 /* AppDelegate.m in Sources */ = {isa = PBXBuildFile; fileRef = 54181F8316B0462C0076ACA1 /* AppDelegate.m */; };
		54181F9016B0462C0076ACA1 /* EvalJS.m in Sources */ = {isa = PBXBuildFile; fileRef = 54181F8616B0462C0076ACA1 /* EvalJS.m */; settings = {COMPILER_FLAGS = "-fno-objc-arc"; }; };
		54181F9116B0462C0076ACA1 /* Default-568h@2x.png in Resources */ = {isa = PBXBuildFile; fileRef = 54181F8716B0462C0076ACA1 /* Default-568h@2x.png */; };
		54181F9216B0462C0076ACA1 /* Default.png in Resources */ = {isa = PBXBuildFile; fileRef = 54181F8816B0462C0076ACA1 /* Default.png */; };
		54181F9316B0462C0076ACA1 /* Default@2x.png in Resources */ = {isa = PBXBuildFile; fileRef = 54181F8916B0462C0076ACA1 /* Default@2x.png */; };
		54181F9416B0462C0076ACA1 /* InfoPlist.strings in Resources */ = {isa = PBXBuildFile; fileRef = 54181F8A16B0462C0076ACA1 /* InfoPlist.strings */; };
		54181F9516B0462C0076ACA1 /* EvalJS-Info.plist in Resources */ = {isa = PBXBuildFile; fileRef = 54181F8C16B0462C0076ACA1 /* EvalJS-Info.plist */; };
		54181F9616B0462C0076ACA1 /* main.m in Sources */ = {isa = PBXBuildFile; fileRef = 54181F8E16B0462C0076ACA1 /* main.m */; };
		54181F9816B0466C0076ACA1 /* EvalJS.m in Sources */ = {isa = PBXBuildFile; fileRef = 54181F8616B0462C0076ACA1 /* EvalJS.m */; settings = {COMPILER_FLAGS = "-fno-objc-arc"; }; };
		942916C73D4640FA8B664AE2 /* libPods-test.a in Frameworks */ = {isa = PBXBuildFile; fileRef = 3D663BAD28E342008EE645E9 /* libPods-test.a */; };
		B9A008C279A04133AE31C5A1 /* libPods.a in Frameworks */ = {isa = PBXBuildFile; fileRef = 1317EEFF11C94156AD04E0CD /* libPods.a */; };
/* End PBXBuildFile section */

/* Begin PBXFileReference section */
		1317EEFF11C94156AD04E0CD /* libPods.a */ = {isa = PBXFileReference; explicitFileType = archive.ar; includeInIndex = 0; path = libPods.a; sourceTree = BUILT_PRODUCTS_DIR; };
		3D663BAD28E342008EE645E9 /* libPods-test.a */ = {isa = PBXFileReference; explicitFileType = archive.ar; includeInIndex = 0; path = "libPods-test.a"; sourceTree = BUILT_PRODUCTS_DIR; };
		54181F1916B034CC0076ACA1 /* EvalJS.app */ = {isa = PBXFileReference; explicitFileType = wrapper.application; includeInIndex = 0; path = EvalJS.app; sourceTree = BUILT_PRODUCTS_DIR; };
		54181F1D16B034CC0076ACA1 /* UIKit.framework */ = {isa = PBXFileReference; lastKnownFileType = wrapper.framework; name = UIKit.framework; path = System/Library/Frameworks/UIKit.framework; sourceTree = SDKROOT; };
		54181F1F16B034CC0076ACA1 /* Foundation.framework */ = {isa = PBXFileReference; lastKnownFileType = wrapper.framework; name = Foundation.framework; path = System/Library/Frameworks/Foundation.framework; sourceTree = SDKROOT; };
		54181F2116B034CC0076ACA1 /* CoreGraphics.framework */ = {isa = PBXFileReference; lastKnownFileType = wrapper.framework; name = CoreGraphics.framework; path = System/Library/Frameworks/CoreGraphics.framework; sourceTree = SDKROOT; };
		54181F4616B03F2F0076ACA1 /* Podfile */ = {isa = PBXFileReference; fileEncoding = 4; lastKnownFileType = text; path = Podfile; sourceTree = "<group>"; };
		54181F4D16B03F660076ACA1 /* Spec.octest */ = {isa = PBXFileReference; explicitFileType = wrapper.cfbundle; includeInIndex = 0; path = Spec.octest; sourceTree = BUILT_PRODUCTS_DIR; };
		54181F4E16B03F660076ACA1 /* SenTestingKit.framework */ = {isa = PBXFileReference; lastKnownFileType = wrapper.framework; name = SenTestingKit.framework; path = Library/Frameworks/SenTestingKit.framework; sourceTree = DEVELOPER_DIR; };
		54181F5416B03F660076ACA1 /* Spec-Info.plist */ = {isa = PBXFileReference; lastKnownFileType = text.plist.xml; path = "Spec-Info.plist"; sourceTree = "<group>"; };
		54181F5616B03F660076ACA1 /* en */ = {isa = PBXFileReference; lastKnownFileType = text.plist.strings; name = en; path = en.lproj/InfoPlist.strings; sourceTree = "<group>"; };
		54181F5B16B03F660076ACA1 /* Spec-Prefix.pch */ = {isa = PBXFileReference; lastKnownFileType = sourcecode.c.h; path = "Spec-Prefix.pch"; sourceTree = "<group>"; };
		54181F6616B03FE00076ACA1 /* EvalJSSpec.m */ = {isa = PBXFileReference; fileEncoding = 4; lastKnownFileType = sourcecode.c.objc; path = EvalJSSpec.m; sourceTree = "<group>"; };
		54181F8216B0462C0076ACA1 /* AppDelegate.h */ = {isa = PBXFileReference; fileEncoding = 4; lastKnownFileType = sourcecode.c.h; path = AppDelegate.h; sourceTree = "<group>"; };
		54181F8316B0462C0076ACA1 /* AppDelegate.m */ = {isa = PBXFileReference; fileEncoding = 4; lastKnownFileType = sourcecode.c.objc; path = AppDelegate.m; sourceTree = "<group>"; };
		54181F8516B0462C0076ACA1 /* EvalJS.h */ = {isa = PBXFileReference; fileEncoding = 4; lastKnownFileType = sourcecode.c.h; path = EvalJS.h; sourceTree = "<group>"; };
		54181F8616B0462C0076ACA1 /* EvalJS.m */ = {isa = PBXFileReference; fileEncoding = 4; lastKnownFileType = sourcecode.c.objc; path = EvalJS.m; sourceTree = "<group>"; };
		54181F8716B0462C0076ACA1 /* Default-568h@2x.png */ = {isa = PBXFileReference; lastKnownFileType = image.png; path = "Default-568h@2x.png"; sourceTree = "<group>"; };
		54181F8816B0462C0076ACA1 /* Default.png */ = {isa = PBXFileReference; lastKnownFileType = image.png; path = Default.png; sourceTree = "<group>"; };
		54181F8916B0462C0076ACA1 /* Default@2x.png */ = {isa = PBXFileReference; lastKnownFileType = image.png; path = "Default@2x.png"; sourceTree = "<group>"; };
		54181F8B16B0462C0076ACA1 /* en */ = {isa = PBXFileReference; lastKnownFileType = text.plist.strings; name = en; path = en.lproj/InfoPlist.strings; sourceTree = "<group>"; };
		54181F8C16B0462C0076ACA1 /* EvalJS-Info.plist */ = {isa = PBXFileReference; fileEncoding = 4; lastKnownFileType = text.plist.xml; path = "EvalJS-Info.plist"; sourceTree = "<group>"; };
		54181F8D16B0462C0076ACA1 /* EvalJS-Prefix.pch */ = {isa = PBXFileReference; fileEncoding = 4; lastKnownFileType = sourcecode.c.h; path = "EvalJS-Prefix.pch"; sourceTree = "<group>"; };
		54181F8E16B0462C0076ACA1 /* main.m */ = {isa = PBXFileReference; fileEncoding = 4; lastKnownFileType = sourcecode.c.objc; path = main.m; sourceTree = "<group>"; };
		6B4EAE416BA94FB7B359B2AA /* Pods-test.xcconfig */ = {isa = PBXFileReference; includeInIndex = 1; lastKnownFileType = text.xcconfig; name = "Pods-test.xcconfig"; path = "Pods/Pods-test.xcconfig"; sourceTree = SOURCE_ROOT; };
		7AEBF58B5C6C4A9C88BB1B1F /* Pods.xcconfig */ = {isa = PBXFileReference; includeInIndex = 1; lastKnownFileType = text.xcconfig; name = Pods.xcconfig; path = Pods/Pods.xcconfig; sourceTree = SOURCE_ROOT; };
/* End PBXFileReference section */

/* Begin PBXFrameworksBuildPhase section */
		54181F1616B034CC0076ACA1 /* Frameworks */ = {
			isa = PBXFrameworksBuildPhase;
			buildActionMask = 2147483647;
			files = (
				54181F1E16B034CC0076ACA1 /* UIKit.framework in Frameworks */,
				54181F2016B034CC0076ACA1 /* Foundation.framework in Frameworks */,
				54181F2216B034CC0076ACA1 /* CoreGraphics.framework in Frameworks */,
				B9A008C279A04133AE31C5A1 /* libPods.a in Frameworks */,
			);
			runOnlyForDeploymentPostprocessing = 0;
		};
		54181F4916B03F660076ACA1 /* Frameworks */ = {
			isa = PBXFrameworksBuildPhase;
			buildActionMask = 2147483647;
			files = (
				54181F4F16B03F660076ACA1 /* SenTestingKit.framework in Frameworks */,
				54181F5016B03F660076ACA1 /* UIKit.framework in Frameworks */,
				54181F5116B03F660076ACA1 /* Foundation.framework in Frameworks */,
				942916C73D4640FA8B664AE2 /* libPods-test.a in Frameworks */,
			);
			runOnlyForDeploymentPostprocessing = 0;
		};
/* End PBXFrameworksBuildPhase section */

/* Begin PBXGroup section */
		54181F0E16B034CC0076ACA1 = {
			isa = PBXGroup;
			children = (
				54181F8116B0462C0076ACA1 /* EvalJS */,
				54181F5216B03F660076ACA1 /* Spec */,
				54181F1C16B034CC0076ACA1 /* Frameworks */,
				54181F1A16B034CC0076ACA1 /* Products */,
				54181F4616B03F2F0076ACA1 /* Podfile */,
				7AEBF58B5C6C4A9C88BB1B1F /* Pods.xcconfig */,
				6B4EAE416BA94FB7B359B2AA /* Pods-test.xcconfig */,
			);
			sourceTree = "<group>";
		};
		54181F1A16B034CC0076ACA1 /* Products */ = {
			isa = PBXGroup;
			children = (
				54181F1916B034CC0076ACA1 /* EvalJS.app */,
				54181F4D16B03F660076ACA1 /* Spec.octest */,
			);
			name = Products;
			sourceTree = "<group>";
		};
		54181F1C16B034CC0076ACA1 /* Frameworks */ = {
			isa = PBXGroup;
			children = (
				54181F1D16B034CC0076ACA1 /* UIKit.framework */,
				54181F1F16B034CC0076ACA1 /* Foundation.framework */,
				54181F2116B034CC0076ACA1 /* CoreGraphics.framework */,
				1317EEFF11C94156AD04E0CD /* libPods.a */,
				54181F4E16B03F660076ACA1 /* SenTestingKit.framework */,
				3D663BAD28E342008EE645E9 /* libPods-test.a */,
			);
			name = Frameworks;
			sourceTree = "<group>";
		};
		54181F5216B03F660076ACA1 /* Spec */ = {
			isa = PBXGroup;
			children = (
				54181F5316B03F660076ACA1 /* Supporting Files */,
				54181F6616B03FE00076ACA1 /* EvalJSSpec.m */,
			);
			path = Spec;
			sourceTree = "<group>";
		};
		54181F5316B03F660076ACA1 /* Supporting Files */ = {
			isa = PBXGroup;
			children = (
				54181F5416B03F660076ACA1 /* Spec-Info.plist */,
				54181F5516B03F660076ACA1 /* InfoPlist.strings */,
				54181F5B16B03F660076ACA1 /* Spec-Prefix.pch */,
			);
			name = "Supporting Files";
			sourceTree = "<group>";
		};
		54181F8116B0462C0076ACA1 /* EvalJS */ = {
			isa = PBXGroup;
			children = (
				54181F8216B0462C0076ACA1 /* AppDelegate.h */,
				54181F8316B0462C0076ACA1 /* AppDelegate.m */,
				54181F8416B0462C0076ACA1 /* Classes */,
				54181F9716B0463F0076ACA1 /* Support */,
			);
			path = EvalJS;
			sourceTree = "<group>";
		};
		54181F8416B0462C0076ACA1 /* Classes */ = {
			isa = PBXGroup;
			children = (
				54181F8516B0462C0076ACA1 /* EvalJS.h */,
				54181F8616B0462C0076ACA1 /* EvalJS.m */,
			);
			path = Classes;
			sourceTree = "<group>";
		};
		54181F9716B0463F0076ACA1 /* Support */ = {
			isa = PBXGroup;
			children = (
				54181F8716B0462C0076ACA1 /* Default-568h@2x.png */,
				54181F8816B0462C0076ACA1 /* Default.png */,
				54181F8916B0462C0076ACA1 /* Default@2x.png */,
				54181F8A16B0462C0076ACA1 /* InfoPlist.strings */,
				54181F8C16B0462C0076ACA1 /* EvalJS-Info.plist */,
				54181F8D16B0462C0076ACA1 /* EvalJS-Prefix.pch */,
				54181F8E16B0462C0076ACA1 /* main.m */,
			);
			name = Support;
			sourceTree = "<group>";
		};
/* End PBXGroup section */

/* Begin PBXNativeTarget section */
		54181F1816B034CC0076ACA1 /* EvalJS */ = {
			isa = PBXNativeTarget;
			buildConfigurationList = 54181F3716B034CC0076ACA1 /* Build configuration list for PBXNativeTarget "EvalJS" */;
			buildPhases = (
				54181F1516B034CC0076ACA1 /* Sources */,
				54181F1616B034CC0076ACA1 /* Frameworks */,
				54181F1716B034CC0076ACA1 /* Resources */,
				B6B0501222A248018FDBED23 /* Copy Pods Resources */,
			);
			buildRules = (
			);
			dependencies = (
			);
			name = EvalJS;
			productName = JavaScriptCoreRuntime;
			productReference = 54181F1916B034CC0076ACA1 /* EvalJS.app */;
			productType = "com.apple.product-type.application";
		};
		54181F4C16B03F660076ACA1 /* Spec */ = {
			isa = PBXNativeTarget;
			buildConfigurationList = 54181F5C16B03F660076ACA1 /* Build configuration list for PBXNativeTarget "Spec" */;
			buildPhases = (
				54181F4816B03F660076ACA1 /* Sources */,
				54181F4916B03F660076ACA1 /* Frameworks */,
				54181F4A16B03F660076ACA1 /* Resources */,
				54181F4B16B03F660076ACA1 /* ShellScript */,
				BBD05839A9B5477EBEC58CF2 /* Copy Pods Resources */,
			);
			buildRules = (
			);
			dependencies = (
			);
			name = Spec;
			productName = Spec;
			productReference = 54181F4D16B03F660076ACA1 /* Spec.octest */;
			productType = "com.apple.product-type.bundle";
		};
/* End PBXNativeTarget section */

/* Begin PBXProject section */
		54181F1016B034CC0076ACA1 /* Project object */ = {
			isa = PBXProject;
			attributes = {
				LastUpgradeCheck = 0450;
				ORGANIZATIONNAME = "Ignition Soft";
			};
			buildConfigurationList = 54181F1316B034CC0076ACA1 /* Build configuration list for PBXProject "EvalJS" */;
			compatibilityVersion = "Xcode 3.2";
			developmentRegion = English;
			hasScannedForEncodings = 0;
			knownRegions = (
				en,
			);
			mainGroup = 54181F0E16B034CC0076ACA1;
			productRefGroup = 54181F1A16B034CC0076ACA1 /* Products */;
			projectDirPath = "";
			projectRoot = "";
			targets = (
				54181F1816B034CC0076ACA1 /* EvalJS */,
				54181F4C16B03F660076ACA1 /* Spec */,
			);
		};
/* End PBXProject section */

/* Begin PBXResourcesBuildPhase section */
		54181F1716B034CC0076ACA1 /* Resources */ = {
			isa = PBXResourcesBuildPhase;
			buildActionMask = 2147483647;
			files = (
				54181F4716B03F2F0076ACA1 /* Podfile in Resources */,
				54181F9116B0462C0076ACA1 /* Default-568h@2x.png in Resources */,
				54181F9216B0462C0076ACA1 /* Default.png in Resources */,
				54181F9316B0462C0076ACA1 /* Default@2x.png in Resources */,
				54181F9416B0462C0076ACA1 /* InfoPlist.strings in Resources */,
				54181F9516B0462C0076ACA1 /* EvalJS-Info.plist in Resources */,
			);
			runOnlyForDeploymentPostprocessing = 0;
		};
		54181F4A16B03F660076ACA1 /* Resources */ = {
			isa = PBXResourcesBuildPhase;
			buildActionMask = 2147483647;
			files = (
				54181F5716B03F660076ACA1 /* InfoPlist.strings in Resources */,
			);
			runOnlyForDeploymentPostprocessing = 0;
		};
/* End PBXResourcesBuildPhase section */

/* Begin PBXShellScriptBuildPhase section */
		54181F4B16B03F660076ACA1 /* ShellScript */ = {
			isa = PBXShellScriptBuildPhase;
			buildActionMask = 2147483647;
			files = (
			);
			inputPaths = (
			);
			outputPaths = (
			);
			runOnlyForDeploymentPostprocessing = 0;
			shellPath = /bin/sh;
			shellScript = "# Run the unit tests in this test bundle.\n\"${SYSTEM_DEVELOPER_DIR}/Tools/RunUnitTests\"\n";
		};
		B6B0501222A248018FDBED23 /* Copy Pods Resources */ = {
			isa = PBXShellScriptBuildPhase;
			buildActionMask = 2147483647;
			files = (
			);
			inputPaths = (
			);
			name = "Copy Pods Resources";
			outputPaths = (
			);
			runOnlyForDeploymentPostprocessing = 0;
			shellPath = /bin/sh;
			shellScript = "\"${SRCROOT}/Pods/Pods-resources.sh\"\n";
		};
		BBD05839A9B5477EBEC58CF2 /* Copy Pods Resources */ = {
			isa = PBXShellScriptBuildPhase;
			buildActionMask = 2147483647;
			files = (
			);
			inputPaths = (
			);
			name = "Copy Pods Resources";
			outputPaths = (
			);
			runOnlyForDeploymentPostprocessing = 0;
			shellPath = /bin/sh;
			shellScript = "\"${SRCROOT}/Pods/Pods-test-resources.sh\"\n";
		};
/* End PBXShellScriptBuildPhase section */

/* Begin PBXSourcesBuildPhase section */
		54181F1516B034CC0076ACA1 /* Sources */ = {
			isa = PBXSourcesBuildPhase;
			buildActionMask = 2147483647;
			files = (
				54181F8F16B0462C0076ACA1 /* AppDelegate.m in Sources */,
				54181F9016B0462C0076ACA1 /* EvalJS.m in Sources */,
				54181F9616B0462C0076ACA1 /* main.m in Sources */,
			);
			runOnlyForDeploymentPostprocessing = 0;
		};
		54181F4816B03F660076ACA1 /* Sources */ = {
			isa = PBXSourcesBuildPhase;
			buildActionMask = 2147483647;
			files = (
				54181F6716B03FE00076ACA1 /* EvalJSSpec.m in Sources */,
				54181F9816B0466C0076ACA1 /* EvalJS.m in Sources */,
			);
			runOnlyForDeploymentPostprocessing = 0;
		};
/* End PBXSourcesBuildPhase section */

/* Begin PBXVariantGroup section */
		54181F5516B03F660076ACA1 /* InfoPlist.strings */ = {
			isa = PBXVariantGroup;
			children = (
				54181F5616B03F660076ACA1 /* en */,
			);
			name = InfoPlist.strings;
			sourceTree = "<group>";
		};
		54181F8A16B0462C0076ACA1 /* InfoPlist.strings */ = {
			isa = PBXVariantGroup;
			children = (
				54181F8B16B0462C0076ACA1 /* en */,
			);
			name = InfoPlist.strings;
			sourceTree = "<group>";
		};
/* End PBXVariantGroup section */

/* Begin XCBuildConfiguration section */
		54181F3516B034CC0076ACA1 /* Debug */ = {
			isa = XCBuildConfiguration;
			buildSettings = {
				ALWAYS_SEARCH_USER_PATHS = NO;
				CLANG_CXX_LANGUAGE_STANDARD = "gnu++0x";
				CLANG_CXX_LIBRARY = "libc++";
				CLANG_ENABLE_OBJC_ARC = YES;
				CLANG_WARN_EMPTY_BODY = YES;
				CLANG_WARN__DUPLICATE_METHOD_MATCH = YES;
				"CODE_SIGN_IDENTITY[sdk=iphoneos*]" = "iPhone Developer";
				COPY_PHASE_STRIP = NO;
				GCC_C_LANGUAGE_STANDARD = gnu99;
				GCC_DYNAMIC_NO_PIC = NO;
				GCC_OPTIMIZATION_LEVEL = 0;
				GCC_PREPROCESSOR_DEFINITIONS = (
					"DEBUG=1",
					"$(inherited)",
				);
				GCC_SYMBOLS_PRIVATE_EXTERN = NO;
				GCC_WARN_ABOUT_RETURN_TYPE = YES;
				GCC_WARN_UNINITIALIZED_AUTOS = YES;
				GCC_WARN_UNUSED_VARIABLE = YES;
				IPHONEOS_DEPLOYMENT_TARGET = 6.0;
				SDKROOT = iphoneos;
				TARGETED_DEVICE_FAMILY = "1,2";
			};
			name = Debug;
		};
		54181F3616B034CC0076ACA1 /* Release */ = {
			isa = XCBuildConfiguration;
			buildSettings = {
				ALWAYS_SEARCH_USER_PATHS = NO;
				CLANG_CXX_LANGUAGE_STANDARD = "gnu++0x";
				CLANG_CXX_LIBRARY = "libc++";
				CLANG_ENABLE_OBJC_ARC = YES;
				CLANG_WARN_EMPTY_BODY = YES;
				CLANG_WARN__DUPLICATE_METHOD_MATCH = YES;
				"CODE_SIGN_IDENTITY[sdk=iphoneos*]" = "iPhone Developer";
				COPY_PHASE_STRIP = YES;
				GCC_C_LANGUAGE_STANDARD = gnu99;
				GCC_WARN_ABOUT_RETURN_TYPE = YES;
				GCC_WARN_UNINITIALIZED_AUTOS = YES;
				GCC_WARN_UNUSED_VARIABLE = YES;
				IPHONEOS_DEPLOYMENT_TARGET = 6.0;
				OTHER_CFLAGS = "-DNS_BLOCK_ASSERTIONS=1";
				SDKROOT = iphoneos;
				TARGETED_DEVICE_FAMILY = "1,2";
				VALIDATE_PRODUCT = YES;
			};
			name = Release;
		};
		54181F3816B034CC0076ACA1 /* Debug */ = {
			isa = XCBuildConfiguration;
			baseConfigurationReference = 7AEBF58B5C6C4A9C88BB1B1F /* Pods.xcconfig */;
			buildSettings = {
				GCC_PRECOMPILE_PREFIX_HEADER = YES;
				GCC_PREFIX_HEADER = "EvalJS/EvalJS-Prefix.pch";
				INFOPLIST_FILE = "$(SRCROOT)/EvalJS/EvalJS-Info.plist";
				PRODUCT_NAME = EvalJS;
				WRAPPER_EXTENSION = app;
			};
			name = Debug;
		};
		54181F3916B034CC0076ACA1 /* Release */ = {
			isa = XCBuildConfiguration;
			baseConfigurationReference = 7AEBF58B5C6C4A9C88BB1B1F /* Pods.xcconfig */;
			buildSettings = {
				GCC_PRECOMPILE_PREFIX_HEADER = YES;
				GCC_PREFIX_HEADER = "EvalJS/EvalJS-Prefix.pch";
				INFOPLIST_FILE = "$(SRCROOT)/EvalJS/EvalJS-Info.plist";
				PRODUCT_NAME = EvalJS;
				WRAPPER_EXTENSION = app;
			};
			name = Release;
		};
		54181F5D16B03F660076ACA1 /* Debug */ = {
			isa = XCBuildConfiguration;
			baseConfigurationReference = 6B4EAE416BA94FB7B359B2AA /* Pods-test.xcconfig */;
			buildSettings = {
				FRAMEWORK_SEARCH_PATHS = (
					"\"$(SDKROOT)/Developer/Library/Frameworks\"",
					"\"$(DEVELOPER_LIBRARY_DIR)/Frameworks\"",
				);
				GCC_PRECOMPILE_PREFIX_HEADER = YES;
				GCC_PREFIX_HEADER = "Spec/Spec-Prefix.pch";
				INFOPLIST_FILE = "Spec/Spec-Info.plist";
				PRODUCT_NAME = "$(TARGET_NAME)";
				WRAPPER_EXTENSION = octest;
			};
			name = Debug;
		};
		54181F5E16B03F660076ACA1 /* Release */ = {
			isa = XCBuildConfiguration;
			baseConfigurationReference = 6B4EAE416BA94FB7B359B2AA /* Pods-test.xcconfig */;
			buildSettings = {
				FRAMEWORK_SEARCH_PATHS = (
					"\"$(SDKROOT)/Developer/Library/Frameworks\"",
					"\"$(DEVELOPER_LIBRARY_DIR)/Frameworks\"",
				);
				GCC_PRECOMPILE_PREFIX_HEADER = YES;
				GCC_PREFIX_HEADER = "Spec/Spec-Prefix.pch";
				INFOPLIST_FILE = "Spec/Spec-Info.plist";
				PRODUCT_NAME = "$(TARGET_NAME)";
				WRAPPER_EXTENSION = octest;
			};
			name = Release;
		};
/* End XCBuildConfiguration section */

/* Begin XCConfigurationList section */
		54181F1316B034CC0076ACA1 /* Build configuration list for PBXProject "EvalJS" */ = {
			isa = XCConfigurationList;
			buildConfigurations = (
				54181F3516B034CC0076ACA1 /* Debug */,
				54181F3616B034CC0076ACA1 /* Release */,
			);
			defaultConfigurationIsVisible = 0;
			defaultConfigurationName = Release;
		};
		54181F3716B034CC0076ACA1 /* Build configuration list for PBXNativeTarget "EvalJS" */ = {
			isa = XCConfigurationList;
			buildConfigurations = (
				54181F3816B034CC0076ACA1 /* Debug */,
				54181F3916B034CC0076ACA1 /* Release */,
			);
			defaultConfigurationIsVisible = 0;
			defaultConfigurationName = Release;
		};
		54181F5C16B03F660076ACA1 /* Build configuration list for PBXNativeTarget "Spec" */ = {
			isa = XCConfigurationList;
			buildConfigurations = (
				54181F5D16B03F660076ACA1 /* Debug */,
				54181F5E16B03F660076ACA1 /* Release */,
			);
			defaultConfigurationIsVisible = 0;
			defaultConfigurationName = Release;
		};
/* End XCConfigurationList section */
	};
	rootObject = 54181F1016B034CC0076ACA1 /* Project object */;
}
